
Microsoft Visual Studio Solution File, Format Version 12.00
# Visual Studio Version 17
VisualStudioVersion = 17.5.33530.505
MinimumVisualStudioVersion = 10.0.40219.1
Project("{FAE04EC0-301F-11D3-BF4B-00C04F79EFBC}") = "API_REST_REPUVE", "API_REST_REPUVE.csproj", "{9205B554-64F5-41DF-B86B-41DA205CE563}"
EndProject
Global
	GlobalSection(SolutionConfigurationPlatforms) = preSolution
		Debug|Any CPU = Debug|Any CPU
		Release|Any CPU = Release|Any CPU
	EndGlobalSection
	GlobalSection(ProjectConfigurationPlatforms) = postSolution
		{9205B554-64F5-41DF-B86B-41DA205CE563}.Debug|Any CPU.ActiveCfg = Debug|Any CPU
		{9205B554-64F5-41DF-B86B-41DA205CE563}.Debug|Any CPU.Build.0 = Debug|Any CPU
		{9205B554-64F5-41DF-B86B-41DA205CE563}.Release|Any CPU.ActiveCfg = Release|Any CPU
		{9205B554-64F5-41DF-B86B-41DA205CE563}.Release|Any CPU.Build.0 = Release|Any CPU
	EndGlobalSection
	GlobalSection(SolutionProperties) = preSolution
		HideSolutionNode = FALSE
	EndGlobalSection
	GlobalSection(ExtensibilityGlobals) = postSolution
		SolutionGuid = {965B29C7-ACED-4A83-B72B-F028AE1FFCCD}
	EndGlobalSection
EndGlobal
